
Microsoft Visual Studio Solution File, Format Version 12.00
# Visual Studio Version 17
VisualStudioVersion = 17.9.34310.174
MinimumVisualStudioVersion = 10.0.40219.1
Project("{FAE04EC0-301F-11D3-BF4B-00C04F79EFBC}") = "data-27-03", "data-27-03\data-27-03.csproj", "{513E53CE-AD26-4210-A048-95EAD3465A1D}"
EndProject
Global
	GlobalSection(SolutionConfigurationPlatforms) = preSolution
		Debug|Any CPU = Debug|Any CPU
		Release|Any CPU = Release|Any CPU
	EndGlobalSection
	GlobalSection(ProjectConfigurationPlatforms) = postSolution
		{513E53CE-AD26-4210-A048-95EAD3465A1D}.Debug|Any CPU.ActiveCfg = Debug|Any CPU
		{513E53CE-AD26-4210-A048-95EAD3465A1D}.Debug|Any CPU.Build.0 = Debug|Any CPU
		{513E53CE-AD26-4210-A048-95EAD3465A1D}.Release|Any CPU.ActiveCfg = Release|Any CPU
		{513E53CE-AD26-4210-A048-95EAD3465A1D}.Release|Any CPU.Build.0 = Release|Any CPU
	EndGlobalSection
	GlobalSection(SolutionProperties) = preSolution
		HideSolutionNode = FALSE
	EndGlobalSection
	GlobalSection(ExtensibilityGlobals) = postSolution
		SolutionGuid = {14BE5FFC-22DA-4424-8AC6-A9BA0E797103}
	EndGlobalSection
EndGlobal
